
Microsoft Visual Studio Solution File, Format Version 12.00
# Visual Studio Version 17
VisualStudioVersion = 17.6.33801.468
MinimumVisualStudioVersion = 10.0.40219.1
Project("{2150E333-8FDC-42A3-9474-1A3956D46DE8}") = "src", "src", "{28E53F15-F706-4EC8-9665-FABE75DF7B5D}"
EndProject
Project("{2150E333-8FDC-42A3-9474-1A3956D46DE8}") = "test", "test", "{ABD99055-E200-45DD-8567-E3CD21DA0AB2}"
EndProject
Project("{2150E333-8FDC-42A3-9474-1A3956D46DE8}") = "App", "App", "{B0515DEF-305D-4AAC-A053-BB6B20EFB5FC}"
EndProject
Project("{2150E333-8FDC-42A3-9474-1A3956D46DE8}") = "Libraires", "Libraires", "{B01795B3-1D3E-4A5A-AF1E-15D7A73FACEE}"
EndProject
Project("{2150E333-8FDC-42A3-9474-1A3956D46DE8}") = "Domain", "Domain", "{B1EDA056-05A8-4D07-A630-C6648C1E451D}"
EndProject
Project("{2150E333-8FDC-42A3-9474-1A3956D46DE8}") = "Infrustructure", "Infrustructure", "{DBE1448E-07F6-4C0D-96B8-08D7A7D0F186}"
EndProject
Project("{FAE04EC0-301F-11D3-BF4B-00C04F79EFBC}") = "StudentManagement.Model", "src\Libraries\Domain\StudentManagement.Model\StudentManagement.Model.csproj", "{FAAFE202-3C59-4FDF-B9F9-E24DA3BA8963}"
EndProject
Project("{FAE04EC0-301F-11D3-BF4B-00C04F79EFBC}") = "StudentManagement.Repositories", "src\Libraries\Domain\StudentManagement.Repositories\StudentManagement.Repositories.csproj", "{EE40D3D5-0042-4355-B4EC-C5CF83B8EF87}"
EndProject
Project("{FAE04EC0-301F-11D3-BF4B-00C04F79EFBC}") = "StudentManagement.Shared", "src\Libraries\Domain\StudentManagement.Shared\StudentManagement.Shared.csproj", "{A5A57F15-E5DC-42A3-B652-7598A60FA63A}"
EndProject
Project("{FAE04EC0-301F-11D3-BF4B-00C04F79EFBC}") = "StudentManagement.Core", "src\Libraries\Infrustructure\StudentManagement.Core\StudentManagement.Core.csproj", "{38123A4F-27DF-4F51-8882-1F2CD1670591}"
EndProject
Project("{FAE04EC0-301F-11D3-BF4B-00C04F79EFBC}") = "StudentManagement.Infrustructure", "src\Libraries\Infrustructure\StudentManagement.Infrustructure\StudentManagement.Infrustructure.csproj", "{B85BC797-2CD9-46D5-A0CD-72881A3B503B}"
EndProject
Project("{FAE04EC0-301F-11D3-BF4B-00C04F79EFBC}") = "StudentManagement.Ioc.Configuration", "src\Libraries\Infrustructure\StudentManagement.Ioc.Configuration\StudentManagement.Ioc.Configuration.csproj", "{046D7E7A-6B14-4A75-A47B-9F434BFD8777}"
EndProject
Project("{FAE04EC0-301F-11D3-BF4B-00C04F79EFBC}") = "StudentManagement.Services.Model", "src\Libraries\Infrustructure\StudentManagement.Services.Model\StudentManagement.Services.Model.csproj", "{21FCC4A3-F7CB-467F-A194-030803ABFF22}"
EndProject
Project("{FAE04EC0-301F-11D3-BF4B-00C04F79EFBC}") = "StudentManagement.Backend", "src\App\StudentManagement.Backend\StudentManagement.Backend.csproj", "{97A3429B-B8F7-4B3D-9999-2AAFF5C7A23B}"
EndProject
Global
	GlobalSection(SolutionConfigurationPlatforms) = preSolution
		Debug|Any CPU = Debug|Any CPU
		Release|Any CPU = Release|Any CPU
	EndGlobalSection
	GlobalSection(ProjectConfigurationPlatforms) = postSolution
		{FAAFE202-3C59-4FDF-B9F9-E24DA3BA8963}.Debug|Any CPU.ActiveCfg = Debug|Any CPU
		{FAAFE202-3C59-4FDF-B9F9-E24DA3BA8963}.Debug|Any CPU.Build.0 = Debug|Any CPU
		{FAAFE202-3C59-4FDF-B9F9-E24DA3BA8963}.Release|Any CPU.ActiveCfg = Release|Any CPU
		{FAAFE202-3C59-4FDF-B9F9-E24DA3BA8963}.Release|Any CPU.Build.0 = Release|Any CPU
		{EE40D3D5-0042-4355-B4EC-C5CF83B8EF87}.Debug|Any CPU.ActiveCfg = Debug|Any CPU
		{EE40D3D5-0042-4355-B4EC-C5CF83B8EF87}.Debug|Any CPU.Build.0 = Debug|Any CPU
		{EE40D3D5-0042-4355-B4EC-C5CF83B8EF87}.Release|Any CPU.ActiveCfg = Release|Any CPU
		{EE40D3D5-0042-4355-B4EC-C5CF83B8EF87}.Release|Any CPU.Build.0 = Release|Any CPU
		{A5A57F15-E5DC-42A3-B652-7598A60FA63A}.Debug|Any CPU.ActiveCfg = Debug|Any CPU
		{A5A57F15-E5DC-42A3-B652-7598A60FA63A}.Debug|Any CPU.Build.0 = Debug|Any CPU
		{A5A57F15-E5DC-42A3-B652-7598A60FA63A}.Release|Any CPU.ActiveCfg = Release|Any CPU
		{A5A57F15-E5DC-42A3-B652-7598A60FA63A}.Release|Any CPU.Build.0 = Release|Any CPU
		{38123A4F-27DF-4F51-8882-1F2CD1670591}.Debug|Any CPU.ActiveCfg = Debug|Any CPU
		{38123A4F-27DF-4F51-8882-1F2CD1670591}.Debug|Any CPU.Build.0 = Debug|Any CPU
		{38123A4F-27DF-4F51-8882-1F2CD1670591}.Release|Any CPU.ActiveCfg = Release|Any CPU
		{38123A4F-27DF-4F51-8882-1F2CD1670591}.Release|Any CPU.Build.0 = Release|Any CPU
		{B85BC797-2CD9-46D5-A0CD-72881A3B503B}.Debug|Any CPU.ActiveCfg = Debug|Any CPU
		{B85BC797-2CD9-46D5-A0CD-72881A3B503B}.Debug|Any CPU.Build.0 = Debug|Any CPU
		{B85BC797-2CD9-46D5-A0CD-72881A3B503B}.Release|Any CPU.ActiveCfg = Release|Any CPU
		{B85BC797-2CD9-46D5-A0CD-72881A3B503B}.Release|Any CPU.Build.0 = Release|Any CPU
		{046D7E7A-6B14-4A75-A47B-9F434BFD8777}.Debug|Any CPU.ActiveCfg = Debug|Any CPU
		{046D7E7A-6B14-4A75-A47B-9F434BFD8777}.Debug|Any CPU.Build.0 = Debug|Any CPU
		{046D7E7A-6B14-4A75-A47B-9F434BFD8777}.Release|Any CPU.ActiveCfg = Release|Any CPU
		{046D7E7A-6B14-4A75-A47B-9F434BFD8777}.Release|Any CPU.Build.0 = Release|Any CPU
		{21FCC4A3-F7CB-467F-A194-030803ABFF22}.Debug|Any CPU.ActiveCfg = Debug|Any CPU
		{21FCC4A3-F7CB-467F-A194-030803ABFF22}.Debug|Any CPU.Build.0 = Debug|Any CPU
		{21FCC4A3-F7CB-467F-A194-030803ABFF22}.Release|Any CPU.ActiveCfg = Release|Any CPU
		{21FCC4A3-F7CB-467F-A194-030803ABFF22}.Release|Any CPU.Build.0 = Release|Any CPU
		{97A3429B-B8F7-4B3D-9999-2AAFF5C7A23B}.Debug|Any CPU.ActiveCfg = Debug|Any CPU
		{97A3429B-B8F7-4B3D-9999-2AAFF5C7A23B}.Debug|Any CPU.Build.0 = Debug|Any CPU
		{97A3429B-B8F7-4B3D-9999-2AAFF5C7A23B}.Release|Any CPU.ActiveCfg = Release|Any CPU
		{97A3429B-B8F7-4B3D-9999-2AAFF5C7A23B}.Release|Any CPU.Build.0 = Release|Any CPU
	EndGlobalSection
	GlobalSection(SolutionProperties) = preSolution
		HideSolutionNode = FALSE
	EndGlobalSection
	GlobalSection(NestedProjects) = preSolution
		{B0515DEF-305D-4AAC-A053-BB6B20EFB5FC} = {28E53F15-F706-4EC8-9665-FABE75DF7B5D}
		{B01795B3-1D3E-4A5A-AF1E-15D7A73FACEE} = {28E53F15-F706-4EC8-9665-FABE75DF7B5D}
		{B1EDA056-05A8-4D07-A630-C6648C1E451D} = {B01795B3-1D3E-4A5A-AF1E-15D7A73FACEE}
		{DBE1448E-07F6-4C0D-96B8-08D7A7D0F186} = {B01795B3-1D3E-4A5A-AF1E-15D7A73FACEE}
		{FAAFE202-3C59-4FDF-B9F9-E24DA3BA8963} = {B1EDA056-05A8-4D07-A630-C6648C1E451D}
		{EE40D3D5-0042-4355-B4EC-C5CF83B8EF87} = {B1EDA056-05A8-4D07-A630-C6648C1E451D}
		{A5A57F15-E5DC-42A3-B652-7598A60FA63A} = {B1EDA056-05A8-4D07-A630-C6648C1E451D}
		{38123A4F-27DF-4F51-8882-1F2CD1670591} = {DBE1448E-07F6-4C0D-96B8-08D7A7D0F186}
		{B85BC797-2CD9-46D5-A0CD-72881A3B503B} = {DBE1448E-07F6-4C0D-96B8-08D7A7D0F186}
		{046D7E7A-6B14-4A75-A47B-9F434BFD8777} = {DBE1448E-07F6-4C0D-96B8-08D7A7D0F186}
		{21FCC4A3-F7CB-467F-A194-030803ABFF22} = {DBE1448E-07F6-4C0D-96B8-08D7A7D0F186}
		{97A3429B-B8F7-4B3D-9999-2AAFF5C7A23B} = {B0515DEF-305D-4AAC-A053-BB6B20EFB5FC}
	EndGlobalSection
	GlobalSection(ExtensibilityGlobals) = postSolution
		SolutionGuid = {911BFCBE-F63D-42BD-AF3A-470F621A4BA9}
	EndGlobalSection
EndGlobal
